
Microsoft Visual Studio Solution File, Format Version 12.00
# Visual Studio 2013
VisualStudioVersion = 12.0.31101.0
MinimumVisualStudioVersion = 10.0.40219.1
Project("{FAE04EC0-301F-11D3-BF4B-00C04F79EFBC}") = "HajjHachathon.Tarie.BLL", "HajjHachathon.Tarie.BLL\HajjHachathon.Tarie.BLL.csproj", "{3926DDA9-4811-4AFE-ACCA-1823ED6DD750}"
EndProject
Project("{FAE04EC0-301F-11D3-BF4B-00C04F79EFBC}") = "HajjHachathon.Tarie.Model", "HajjHachathon.Tarie.Model\HajjHachathon.Tarie.Model.csproj", "{12E0DBF6-2FCD-4053-817B-1739DC4F2805}"
EndProject
Project("{FAE04EC0-301F-11D3-BF4B-00C04F79EFBC}") = "HajjHachathon.Tarie.Presentation", "HajjHachathon.Tarie.Presentation\HajjHachathon.Tarie.Presentation.csproj", "{986E8755-5926-436D-AF2A-CF546B5326C9}"
EndProject
Project("{FAE04EC0-301F-11D3-BF4B-00C04F79EFBC}") = "HajjHachathon.Tarie.Test", "HajjHachathon.Tarie.Test\HajjHachathon.Tarie.Test.csproj", "{0FF87FD8-D09F-495A-94DA-65406F77E280}"
EndProject
Global
	GlobalSection(SolutionConfigurationPlatforms) = preSolution
		Debug|Any CPU = Debug|Any CPU
		Release|Any CPU = Release|Any CPU
	EndGlobalSection
	GlobalSection(ProjectConfigurationPlatforms) = postSolution
		{3926DDA9-4811-4AFE-ACCA-1823ED6DD750}.Debug|Any CPU.ActiveCfg = Debug|Any CPU
		{3926DDA9-4811-4AFE-ACCA-1823ED6DD750}.Debug|Any CPU.Build.0 = Debug|Any CPU
		{3926DDA9-4811-4AFE-ACCA-1823ED6DD750}.Release|Any CPU.ActiveCfg = Release|Any CPU
		{3926DDA9-4811-4AFE-ACCA-1823ED6DD750}.Release|Any CPU.Build.0 = Release|Any CPU
		{12E0DBF6-2FCD-4053-817B-1739DC4F2805}.Debug|Any CPU.ActiveCfg = Debug|Any CPU
		{12E0DBF6-2FCD-4053-817B-1739DC4F2805}.Debug|Any CPU.Build.0 = Debug|Any CPU
		{12E0DBF6-2FCD-4053-817B-1739DC4F2805}.Release|Any CPU.ActiveCfg = Release|Any CPU
		{12E0DBF6-2FCD-4053-817B-1739DC4F2805}.Release|Any CPU.Build.0 = Release|Any CPU
		{986E8755-5926-436D-AF2A-CF546B5326C9}.Debug|Any CPU.ActiveCfg = Debug|Any CPU
		{986E8755-5926-436D-AF2A-CF546B5326C9}.Debug|Any CPU.Build.0 = Debug|Any CPU
		{986E8755-5926-436D-AF2A-CF546B5326C9}.Release|Any CPU.ActiveCfg = Release|Any CPU
		{986E8755-5926-436D-AF2A-CF546B5326C9}.Release|Any CPU.Build.0 = Release|Any CPU
		{0FF87FD8-D09F-495A-94DA-65406F77E280}.Debug|Any CPU.ActiveCfg = Debug|Any CPU
		{0FF87FD8-D09F-495A-94DA-65406F77E280}.Debug|Any CPU.Build.0 = Debug|Any CPU
		{0FF87FD8-D09F-495A-94DA-65406F77E280}.Release|Any CPU.ActiveCfg = Release|Any CPU
		{0FF87FD8-D09F-495A-94DA-65406F77E280}.Release|Any CPU.Build.0 = Release|Any CPU
	EndGlobalSection
	GlobalSection(SolutionProperties) = preSolution
		HideSolutionNode = FALSE
	EndGlobalSection
EndGlobal
